
Microsoft Visual Studio Solution File, Format Version 12.00
# Visual Studio Express 2012 for Windows Desktop
Project("{FAE04EC0-301F-11D3-BF4B-00C04F79EFBC}") = "medCentre", "medCentre\medCentre.csproj", "{9FABE90A-FFFA-4566-8852-7FE8F1995BB6}"
EndProject
Global
	GlobalSection(SolutionConfigurationPlatforms) = preSolution
		Debug|Any CPU = Debug|Any CPU
		Release|Any CPU = Release|Any CPU
	EndGlobalSection
	GlobalSection(ProjectConfigurationPlatforms) = postSolution
		{9FABE90A-FFFA-4566-8852-7FE8F1995BB6}.Debug|Any CPU.ActiveCfg = Debug|Any CPU
		{9FABE90A-FFFA-4566-8852-7FE8F1995BB6}.Debug|Any CPU.Build.0 = Debug|Any CPU
		{9FABE90A-FFFA-4566-8852-7FE8F1995BB6}.Release|Any CPU.ActiveCfg = Release|Any CPU
		{9FABE90A-FFFA-4566-8852-7FE8F1995BB6}.Release|Any CPU.Build.0 = Release|Any CPU
	EndGlobalSection
	GlobalSection(SolutionProperties) = preSolution
		HideSolutionNode = FALSE
	EndGlobalSection
EndGlobal
